{
  "name": "ENI_v1",
  "version": "1.0.0",
  "lockfileVersion": 1,
  "requires": true,
  "dependencies": {
    "@types/angular": {
      "version": "1.8.4",
      "resolved": "https://registry.npmjs.org/@types/angular/-/angular-1.8.4.tgz",
      "integrity": "sha512-wPS/ncJWhyxJsndsW1B6Ta8D4mi97x1yItSu+rkLDytU3oRIh2CFAjMuJceYwFAh9+DIohndWM0QBA9OU2Hv0g=="
    },
    "angular": {
      "version": "1.7.6",
      "resolved": "https://registry.npmjs.org/angular/-/angular-1.7.6.tgz",
      "integrity": "sha512-QELpvuMIe1FTGniAkRz93O6A+di0yu88niDwcdzrSqtUHNtZMgtgFS4f7W/6Gugbuwej8Kyswlmymwdp8iPCWg=="
    },
    "angular-locale-pt-br": {
      "version": "1.3.16",
      "resolved": "https://registry.npmjs.org/angular-locale-pt-br/-/angular-locale-pt-br-1.3.16.tgz",
      "integrity": "sha512-UIlnWcZUA79sX92IcyGKpcD4CB38G9XFgAqXngqEKaKTCBcH8rO59iv5Fa53nPYczJcR9fJTLCHEOnV+cYX5BA=="
    },
    "animate.css": {
      "version": "3.7.0",
      "resolved": "https://registry.npmjs.org/animate.css/-/animate.css-3.7.0.tgz",
      "integrity": "sha512-u3iMXDJr0cxMdQocIciDiou9Au4L5f9uT+/jCtprw3s1j3HcfCuI+khF+90Ps2KdsEhM2soF7SXB4WUvI3HlXg=="
    },
    "bootstrap": {
      "version": "4.2.1",
      "resolved": "https://registry.npmjs.org/bootstrap/-/bootstrap-4.2.1.tgz",
      "integrity": "sha512-tt/7vIv3Gm2mnd/WeDx36nfGGHleil0Wg8IeB7eMrVkY0fZ5iTaBisSh8oNANc2IBsCc6vCgCNTIM/IEN0+50Q=="
    },
    "bootstrap-datepicker": {
      "version": "1.9.0",
      "resolved": "https://registry.npmjs.org/bootstrap-datepicker/-/bootstrap-datepicker-1.9.0.tgz",
      "integrity": "sha512-9rYYbaVOheGYxjOr/+bJCmRPihfy+LkLSg4fIFMT9Od8WwWB/MB50w0JO1eBgKUMbb7PFHQD5uAfI3ArAxZRXA==",
      "requires": {
        "jquery": ">=1.7.1 <4.0.0"
      }
    },
    "bootstrap-select": {
      "version": "1.13.18",
      "resolved": "https://registry.npmjs.org/bootstrap-select/-/bootstrap-select-1.13.18.tgz",
      "integrity": "sha512-V1IzK4rxBq5FrJtkzSH6RmFLFBsjx50byFbfAf8jYyXROWs7ZpprGjdHeoyq2HSsHyjJhMMwjsQhRoYAfxCGow=="
    },
    "gijgo": {
      "version": "1.9.12",
      "resolved": "https://registry.npmjs.org/gijgo/-/gijgo-1.9.12.tgz",
      "integrity": "sha512-JbzFUr3g74d1ht4vzFOPFLX+/166gBntMacMgMWDYhyZzSz/Sq66q69LxQQ2QS1t7+kcgcC2kq1SVDoVvF2gGg==",
      "requires": {
        "jquery": "^3.2.1"
      }
    },
    "jquery": {
      "version": "3.3.1",
      "resolved": "https://registry.npmjs.org/jquery/-/jquery-3.3.1.tgz",
      "integrity": "sha512-Ubldcmxp5np52/ENotGxlLe6aGMvmF4R8S6tZjsP6Knsaxd/xp3Zrh50cG93lR6nPXyUFwzN3ZSOQI0wRJNdGg=="
    },
    "jquery-maskmoney": {
      "version": "3.0.2",
      "resolved": "https://registry.npmjs.org/jquery-maskmoney/-/jquery-maskmoney-3.0.2.tgz",
      "integrity": "sha512-tmhGSfx3QTwrYcZYgELsr8qgcvRcR72+p6D+YrZrlkUdVE6g9vuRLwbl4FuL5X84KBfWBtoX6k2HawYjv2WVag==",
      "requires": {
        "jquery": ">=1.6"
      }
    },
    "ng-file-upload": {
      "version": "12.2.13",
      "resolved": "https://registry.npmjs.org/ng-file-upload/-/ng-file-upload-12.2.13.tgz",
      "integrity": "sha512-YFjxwmVcNssYc8hq8eCbtYSliPnrObozSZRC9yg4GoDtI0xGKUeHgEcOh+nsMF/9cTzMB/lQZAYdf29oyQgF0g=="
    },
    "ng-table": {
      "version": "3.0.1",
      "resolved": "https://registry.npmjs.org/ng-table/-/ng-table-3.0.1.tgz",
      "integrity": "sha512-Xmk9D1ACIQtyfXIQ2PBGzDrYqBpvjLCdaZK5jBFuOqVROC87D+2ugyMHQcvXaKS1WgpV6TzfScWcZ4Y/TkCyng==",
      "requires": {
        "@types/angular": "^1.5.13"
      }
    },
    "noty": {
      "version": "3.2.0-beta",
      "resolved": "https://registry.npmjs.org/noty/-/noty-3.2.0-beta.tgz",
      "integrity": "sha512-a1//Rth1MTQ/GCvGzwBXrZqCwOPyxiIKMdHT1TlcdrDYBYVfb7vzwsU0N4x+j/HeIQTi6/pbP8lRtY9gBz/d3Q=="
    },
    "popper.js": {
      "version": "1.14.7",
      "resolved": "https://registry.npmjs.org/popper.js/-/popper.js-1.14.7.tgz",
      "integrity": "sha512-4q1hNvoUre/8srWsH7hnoSJ5xVmIL4qgz+s4qf2TnJIMyZFUFMGH+9vE7mXynAlHSZ/NdTmmow86muD0myUkVQ=="
    },
    "sweetalert2": {
      "version": "11.0.18",
      "resolved": "https://registry.npmjs.org/sweetalert2/-/sweetalert2-11.0.18.tgz",
      "integrity": "sha512-sF6huRQqqRGz7p9F8XFKSICl5hOiXjjpmnwAO8vlyJKAyMNZb2fvdok11JIGQjqcqVMIag/VLNWF4eEsIKQKGw=="
    },
    "zooming": {
      "version": "2.1.1",
      "resolved": "https://registry.npmjs.org/zooming/-/zooming-2.1.1.tgz",
      "integrity": "sha512-Z38dkZRQsFNBE67+xDBQLNKMs5J1Gc+s3/zO6iezTrC24VYLJV7YPBdBDJmiLhff5qa6Awxv4wsjqx3oYz2MYA=="
    }
  }
}
